
Microsoft Visual Studio Solution File, Format Version 12.00
# Visual Studio Version 16
VisualStudioVersion = 16.0.34407.143
MinimumVisualStudioVersion = 10.0.40219.1
Project("{FAE04EC0-301F-11D3-BF4B-00C04F79EFBC}") = "ApiPW", "ApiPW\ApiPW.csproj", "{EEE479C2-12D8-4401-975F-75A293AE1DFC}"
EndProject
Global
	GlobalSection(SolutionConfigurationPlatforms) = preSolution
		Debug|Any CPU = Debug|Any CPU
		Release|Any CPU = Release|Any CPU
	EndGlobalSection
	GlobalSection(ProjectConfigurationPlatforms) = postSolution
		{EEE479C2-12D8-4401-975F-75A293AE1DFC}.Debug|Any CPU.ActiveCfg = Debug|Any CPU
		{EEE479C2-12D8-4401-975F-75A293AE1DFC}.Debug|Any CPU.Build.0 = Debug|Any CPU
		{EEE479C2-12D8-4401-975F-75A293AE1DFC}.Release|Any CPU.ActiveCfg = Release|Any CPU
		{EEE479C2-12D8-4401-975F-75A293AE1DFC}.Release|Any CPU.Build.0 = Release|Any CPU
	EndGlobalSection
	GlobalSection(SolutionProperties) = preSolution
		HideSolutionNode = FALSE
	EndGlobalSection
	GlobalSection(ExtensibilityGlobals) = postSolution
		SolutionGuid = {1BB94855-0349-4DB4-83C5-7F13600419B7}
	EndGlobalSection
EndGlobal
